
Microsoft Visual Studio Solution File, Format Version 12.00
# Visual Studio 15
VisualStudioVersion = 15.0.28307.960
MinimumVisualStudioVersion = 10.0.40219.1
Project("{FAE04EC0-301F-11D3-BF4B-00C04F79EFBC}") = "PromotionEnginSetUp", "PromotionEnginSetUp\PromotionEnginSetUp.csproj", "{FAC35D11-98B1-414C-AA3E-C87895283A29}"
EndProject
Global
	GlobalSection(SolutionConfigurationPlatforms) = preSolution
		Debug|Any CPU = Debug|Any CPU
		Release|Any CPU = Release|Any CPU
	EndGlobalSection
	GlobalSection(ProjectConfigurationPlatforms) = postSolution
		{FAC35D11-98B1-414C-AA3E-C87895283A29}.Debug|Any CPU.ActiveCfg = Debug|Any CPU
		{FAC35D11-98B1-414C-AA3E-C87895283A29}.Debug|Any CPU.Build.0 = Debug|Any CPU
		{FAC35D11-98B1-414C-AA3E-C87895283A29}.Release|Any CPU.ActiveCfg = Release|Any CPU
		{FAC35D11-98B1-414C-AA3E-C87895283A29}.Release|Any CPU.Build.0 = Release|Any CPU
	EndGlobalSection
	GlobalSection(SolutionProperties) = preSolution
		HideSolutionNode = FALSE
	EndGlobalSection
	GlobalSection(ExtensibilityGlobals) = postSolution
		SolutionGuid = {003A7DA3-CEBE-491A-862E-C58393E2DADF}
	EndGlobalSection
EndGlobal
